PODS:
  - Expecta (0.3.1)
  - JDFPeekaboo (0.2.2)
  - Specta (0.3.0.beta1)

DEPENDENCIES:
  - Expecta
  - JDFPeekaboo (from `../`)
  - Specta (from `https://github.com/specta/specta.git`, tag `v0.3.0.beta1`)

EXTERNAL SOURCES:
  JDFPeekaboo:
    :path: ../
  Specta:
    :git: https://github.com/specta/specta.git
    :tag: v0.3.0.beta1

CHECKOUT OPTIONS:
  Specta:
    :git: https://github.com/specta/specta.git
    :tag: v0.3.0.beta1

SPEC CHECKSUMS:
  Expecta: a354d4633409dd9fe8c4f5ff5130426adbe31628
  JDFPeekaboo: 9dc60d1ddc4022f615a5cf8b4d919401ee67f320
  Specta: 373ce98f17f35069903ff7afac3b29ad9cc04893

PODFILE CHECKSUM: 33d65a22429226c7d58e8245f305621d72398aa2

COCOAPODS: 1.1.1
